{
  "originHash" : "bfa99a960118e0997cba22a579a51167006853b1adb81c092558715470071001",
  "pins" : [
    {
      "identity" : "pythonkit",
      "kind" : "remoteSourceControl",
      "location" : "https://github.com/pvieito/PythonKit.git",
      "state" : {
        "revision" : "6fee7617cfa910fbac7035276e295ba967adbbb4",
        "version" : "0.5.1"
      }
    }
  ],
  "version" : 3
}
