{
  "originHash" : "83bd85cbba31b858387e88243d271762bc7879a2334dec3d05b688ab7ab05654",
  "pins" : [
    {
      "identity" : "pythonkit",
      "kind" : "remoteSourceControl",
      "location" : "https://github.com/pvieito/PythonKit.git",
      "state" : {
        "revision" : "6fee7617cfa910fbac7035276e295ba967adbbb4",
        "version" : "0.5.1"
      }
    }
  ],
  "version" : 3
}
